{
  "name": "riinlogger",
  "version": "1.0.0",
  "lockfileVersion": 3,
  "requires": true,
  "packages": {
    "": {
      "name": "riinlogger",
      "version": "1.0.0",
      "license": "MIT",
      "dependencies": {
        "@jridgewell/trace-mapping": "^0.3.31",
        "@vue/reactivity": "^3.5.22"
      },
      "devDependencies": {
        "@types/node": "^24.6.0"
      }
    },
    "node_modules/@jridgewell/resolve-uri": {
      "version": "3.1.2",
      "resolved": "https://registry.npmjs.org/@jridgewell/resolve-uri/-/resolve-uri-3.1.2.tgz",
      "integrity": "sha512-bRISgCIjP20/tbWSPWMEi54QVPRZExkuD9lJL+UIxUKtwVJA8wW1Trb1jMs1RFXo1CBTNZ/5hpC9QvmKWdopKw==",
      "engines": {
        "node": ">=6.0.0"
      }
    },
    "node_modules/@jridgewell/sourcemap-codec": {
      "version": "1.5.5",
      "resolved": "https://registry.npmjs.org/@jridgewell/sourcemap-codec/-/sourcemap-codec-1.5.5.tgz",
      "integrity": "sha512-cYQ9310grqxueWbl+WuIUIaiUaDcj7WOq5fVhEljNVgRfOUhY9fy2zTvfoqWsnebh8Sl70VScFbICvJnLKB0Og=="
    },
    "node_modules/@jridgewell/trace-mapping": {
      "version": "0.3.31",
      "resolved": "https://registry.npmjs.org/@jridgewell/trace-mapping/-/trace-mapping-0.3.31.tgz",
      "integrity": "sha512-zzNR+SdQSDJzc8joaeP8QQoCQr8NuYx2dIIytl1QeBEZHJ9uW6hebsrYgbz8hJwUQao3TWCMtmfV8Nu1twOLAw==",
      "dependencies": {
        "@jridgewell/resolve-uri": "^3.1.0",
        "@jridgewell/sourcemap-codec": "^1.4.14"
      }
    },
    "node_modules/@types/node": {
      "version": "24.6.0",
      "resolved": "https://registry.npmjs.org/@types/node/-/node-24.6.0.tgz",
      "integrity": "sha512-F1CBxgqwOMc4GKJ7eY22hWhBVQuMYTtqI8L0FcszYcpYX0fzfDGpez22Xau8Mgm7O9fI+zA/TYIdq3tGWfweBA==",
      "dev": true,
      "dependencies": {
        "undici-types": "~7.13.0"
      }
    },
    "node_modules/@vue/reactivity": {
      "version": "3.5.22",
      "resolved": "https://registry.npmjs.org/@vue/reactivity/-/reactivity-3.5.22.tgz",
      "integrity": "sha512-f2Wux4v/Z2pqc9+4SmgZC1p73Z53fyD90NFWXiX9AKVnVBEvLFOWCEgJD3GdGnlxPZt01PSlfmLqbLYzY/Fw4A==",
      "dependencies": {
        "@vue/shared": "3.5.22"
      }
    },
    "node_modules/@vue/shared": {
      "version": "3.5.22",
      "resolved": "https://registry.npmjs.org/@vue/shared/-/shared-3.5.22.tgz",
      "integrity": "sha512-F4yc6palwq3TT0u+FYf0Ns4Tfl9GRFURDN2gWG7L1ecIaS/4fCIuFOjMTnCyjsu/OK6vaDKLCrGAa+KvvH+h4w=="
    },
    "node_modules/undici-types": {
      "version": "7.13.0",
      "resolved": "https://registry.npmjs.org/undici-types/-/undici-types-7.13.0.tgz",
      "integrity": "sha512-Ov2Rr9Sx+fRgagJ5AX0qvItZG/JKKoBRAVITs1zk7IqZGTJUwgUr7qoYBpWwakpWilTZFM98rG/AFRocu10iIQ==",
      "dev": true
    }
  }
}
